
Microsoft Visual Studio Solution File, Format Version 12.00
# Visual Studio Version 16
VisualStudioVersion = 16.0.30204.135
MinimumVisualStudioVersion = 10.0.40219.1
Project("{FAE04EC0-301F-11D3-BF4B-00C04F79EFBC}") = "PWS-Shell", "PWS-Shell\PWS-Shell.csproj", "{86390333-5097-4798-8BDE-2EF59F78C9D8}"
EndProject
Project("{9A19103F-16F7-4668-BE54-9A1E7A4F7556}") = "PipeCommuncation", "PipeCommuncation\PipeCommuncation.csproj", "{E00B2E33-519B-40FC-A265-10FBF1B2B451}"
EndProject
Project("{9A19103F-16F7-4668-BE54-9A1E7A4F7556}") = "SettingsReaderWriter", "SettingsReaderWriter\SettingsReaderWriter.csproj", "{47F7A902-72B3-4A35-84B3-36644FB6D14B}"
EndProject
Project("{FAE04EC0-301F-11D3-BF4B-00C04F79EFBC}") = "ShellSetup", "ShellSetup\ShellSetup.csproj", "{86A6F1E8-55DD-4785-972D-92FC12246757}"
EndProject
Global
	GlobalSection(SolutionConfigurationPlatforms) = preSolution
		Debug|Any CPU = Debug|Any CPU
		Release|Any CPU = Release|Any CPU
	EndGlobalSection
	GlobalSection(ProjectConfigurationPlatforms) = postSolution
		{86390333-5097-4798-8BDE-2EF59F78C9D8}.Debug|Any CPU.ActiveCfg = Debug|Any CPU
		{86390333-5097-4798-8BDE-2EF59F78C9D8}.Debug|Any CPU.Build.0 = Debug|Any CPU
		{86390333-5097-4798-8BDE-2EF59F78C9D8}.Release|Any CPU.ActiveCfg = Release|Any CPU
		{86390333-5097-4798-8BDE-2EF59F78C9D8}.Release|Any CPU.Build.0 = Release|Any CPU
		{E00B2E33-519B-40FC-A265-10FBF1B2B451}.Debug|Any CPU.ActiveCfg = Debug|Any CPU
		{E00B2E33-519B-40FC-A265-10FBF1B2B451}.Debug|Any CPU.Build.0 = Debug|Any CPU
		{E00B2E33-519B-40FC-A265-10FBF1B2B451}.Release|Any CPU.ActiveCfg = Release|Any CPU
		{E00B2E33-519B-40FC-A265-10FBF1B2B451}.Release|Any CPU.Build.0 = Release|Any CPU
		{47F7A902-72B3-4A35-84B3-36644FB6D14B}.Debug|Any CPU.ActiveCfg = Debug|Any CPU
		{47F7A902-72B3-4A35-84B3-36644FB6D14B}.Debug|Any CPU.Build.0 = Debug|Any CPU
		{47F7A902-72B3-4A35-84B3-36644FB6D14B}.Release|Any CPU.ActiveCfg = Release|Any CPU
		{47F7A902-72B3-4A35-84B3-36644FB6D14B}.Release|Any CPU.Build.0 = Release|Any CPU
		{86A6F1E8-55DD-4785-972D-92FC12246757}.Debug|Any CPU.ActiveCfg = Debug|Any CPU
		{86A6F1E8-55DD-4785-972D-92FC12246757}.Debug|Any CPU.Build.0 = Debug|Any CPU
		{86A6F1E8-55DD-4785-972D-92FC12246757}.Release|Any CPU.ActiveCfg = Release|Any CPU
		{86A6F1E8-55DD-4785-972D-92FC12246757}.Release|Any CPU.Build.0 = Release|Any CPU
	EndGlobalSection
	GlobalSection(SolutionProperties) = preSolution
		HideSolutionNode = FALSE
	EndGlobalSection
	GlobalSection(ExtensibilityGlobals) = postSolution
		SolutionGuid = {0725C2AE-AB1D-4F92-ADD4-D024368ECA13}
	EndGlobalSection
EndGlobal
